// !$*UTF8*$!
{
	archiveVersion = 1;
	classes = {
	};
	objectVersion = 50;
	objects = {

/* Begin PBXBuildFile section */
		493B664B26CE0F7D00E05D46 /* NetworkError.swift in Sources */ = {isa = PBXBuildFile; fileRef = 493B664A26CE0F7D00E05D46 /* NetworkError.swift */; };
		493B664D26CE0FA600E05D46 /* DeckOfCardsAPI.swift in Sources */ = {isa = PBXBuildFile; fileRef = 493B664C26CE0FA600E05D46 /* DeckOfCardsAPI.swift */; };
		493B664F26CE100800E05D46 /* DeckofCardsController.swift in Sources */ = {isa = PBXBuildFile; fileRef = 493B664E26CE100800E05D46 /* DeckofCardsController.swift */; };
		495DD4F426CEB2B10099296B /* EventConstants.swift in Sources */ = {isa = PBXBuildFile; fileRef = 495DD4F326CEB2B10099296B /* EventConstants.swift */; };
		49DDBEAC26CD87590085E3D3 /* Stage.swift in Sources */ = {isa = PBXBuildFile; fileRef = 49DDBEAB26CD87590085E3D3 /* Stage.swift */; };
		49DDBEAE26CD88270085E3D3 /* StageController.swift in Sources */ = {isa = PBXBuildFile; fileRef = 49DDBEAD26CD88270085E3D3 /* StageController.swift */; };
		49DDBEB126CD9F1C0085E3D3 /* Stage2.storyboard in Resources */ = {isa = PBXBuildFile; fileRef = 49DDBEB026CD9F1C0085E3D3 /* Stage2.storyboard */; };
		49DDBEB526CDA1450085E3D3 /* Stage2ViewController.swift in Sources */ = {isa = PBXBuildFile; fileRef = 49DDBEB426CDA1450085E3D3 /* Stage2ViewController.swift */; };
		49DDBEB726CDA4960085E3D3 /* Extensions.swift in Sources */ = {isa = PBXBuildFile; fileRef = 49DDBEB626CDA4960085E3D3 /* Extensions.swift */; };
		49DDBEBB26CDBD990085E3D3 /* Stage4ViewController.swift in Sources */ = {isa = PBXBuildFile; fileRef = 49DDBEBA26CDBD990085E3D3 /* Stage4ViewController.swift */; };
		49DDBEBD26CDBDBD0085E3D3 /* Stage4.storyboard in Resources */ = {isa = PBXBuildFile; fileRef = 49DDBEBC26CDBDBD0085E3D3 /* Stage4.storyboard */; };
		B5789D0526CD7BE500B94C48 /* AppDelegate.swift in Sources */ = {isa = PBXBuildFile; fileRef = B5789D0426CD7BE500B94C48 /* AppDelegate.swift */; };
		B5789D0726CD7BE500B94C48 /* SceneDelegate.swift in Sources */ = {isa = PBXBuildFile; fileRef = B5789D0626CD7BE500B94C48 /* SceneDelegate.swift */; };
		B5789D0926CD7BE500B94C48 /* ViewController.swift in Sources */ = {isa = PBXBuildFile; fileRef = B5789D0826CD7BE500B94C48 /* ViewController.swift */; };
		B5789D0C26CD7BE500B94C48 /* Main.storyboard in Resources */ = {isa = PBXBuildFile; fileRef = B5789D0A26CD7BE500B94C48 /* Main.storyboard */; };
		B5789D0E26CD7BE600B94C48 /* Assets.xcassets in Resources */ = {isa = PBXBuildFile; fileRef = B5789D0D26CD7BE600B94C48 /* Assets.xcassets */; };
		B5789D1126CD7BE600B94C48 /* LaunchScreen.storyboard in Resources */ = {isa = PBXBuildFile; fileRef = B5789D0F26CD7BE600B94C48 /* LaunchScreen.storyboard */; };
		B5789D1A26CDA01C00B94C48 /* Stage3.storyboard in Resources */ = {isa = PBXBuildFile; fileRef = B5789D1926CDA01C00B94C48 /* Stage3.storyboard */; };
		B5789D1C26CDA1CA00B94C48 /* Stage3ViewController.swift in Sources */ = {isa = PBXBuildFile; fileRef = B5789D1B26CDA1CA00B94C48 /* Stage3ViewController.swift */; };
		B5B0598026CEB9E60098C976 /* JudgementHall.storyboard in Resources */ = {isa = PBXBuildFile; fileRef = B5B0597F26CEB9E60098C976 /* JudgementHall.storyboard */; };
		B5B0598226CEBA000098C976 /* JudgementHallViewController.swift in Sources */ = {isa = PBXBuildFile; fileRef = B5B0598126CEBA000098C976 /* JudgementHallViewController.swift */; };
		B5B0598426CEBE1C0098C976 /* superSecretEnding.mp4 in Resources */ = {isa = PBXBuildFile; fileRef = B5B0598326CEBE1C0098C976 /* superSecretEnding.mp4 */; };
/* End PBXBuildFile section */

/* Begin PBXFileReference section */
		493B664A26CE0F7D00E05D46 /* NetworkError.swift */ = {isa = PBXFileReference; lastKnownFileType = sourcecode.swift; path = NetworkError.swift; sourceTree = "<group>"; };
		493B664C26CE0FA600E05D46 /* DeckOfCardsAPI.swift */ = {isa = PBXFileReference; lastKnownFileType = sourcecode.swift; path = DeckOfCardsAPI.swift; sourceTree = "<group>"; };
		493B664E26CE100800E05D46 /* DeckofCardsController.swift */ = {isa = PBXFileReference; lastKnownFileType = sourcecode.swift; path = DeckofCardsController.swift; sourceTree = "<group>"; };
		495DD4F326CEB2B10099296B /* EventConstants.swift */ = {isa = PBXFileReference; lastKnownFileType = sourcecode.swift; path = EventConstants.swift; sourceTree = "<group>"; };
		49DDBEAB26CD87590085E3D3 /* Stage.swift */ = {isa = PBXFileReference; lastKnownFileType = sourcecode.swift; path = Stage.swift; sourceTree = "<group>"; };
		49DDBEAD26CD88270085E3D3 /* StageController.swift */ = {isa = PBXFileReference; lastKnownFileType = sourcecode.swift; path = StageController.swift; sourceTree = "<group>"; };
		49DDBEB026CD9F1C0085E3D3 /* Stage2.storyboard */ = {isa = PBXFileReference; lastKnownFileType = file.storyboard; path = Stage2.storyboard; sourceTree = "<group>"; };
		49DDBEB426CDA1450085E3D3 /* Stage2ViewController.swift */ = {isa = PBXFileReference; lastKnownFileType = sourcecode.swift; path = Stage2ViewController.swift; sourceTree = "<group>"; };
		49DDBEB626CDA4960085E3D3 /* Extensions.swift */ = {isa = PBXFileReference; lastKnownFileType = sourcecode.swift; path = Extensions.swift; sourceTree = "<group>"; };
		49DDBEBA26CDBD990085E3D3 /* Stage4ViewController.swift */ = {isa = PBXFileReference; lastKnownFileType = sourcecode.swift; path = Stage4ViewController.swift; sourceTree = "<group>"; };
		49DDBEBC26CDBDBD0085E3D3 /* Stage4.storyboard */ = {isa = PBXFileReference; lastKnownFileType = file.storyboard; path = Stage4.storyboard; sourceTree = "<group>"; };
		B5789D0126CD7BE500B94C48 /* The Button.app */ = {isa = PBXFileReference; explicitFileType = wrapper.application; includeInIndex = 0; path = "The Button.app"; sourceTree = BUILT_PRODUCTS_DIR; };
		B5789D0426CD7BE500B94C48 /* AppDelegate.swift */ = {isa = PBXFileReference; lastKnownFileType = sourcecode.swift; path = AppDelegate.swift; sourceTree = "<group>"; };
		B5789D0626CD7BE500B94C48 /* SceneDelegate.swift */ = {isa = PBXFileReference; lastKnownFileType = sourcecode.swift; path = SceneDelegate.swift; sourceTree = "<group>"; };
		B5789D0826CD7BE500B94C48 /* ViewController.swift */ = {isa = PBXFileReference; lastKnownFileType = sourcecode.swift; path = ViewController.swift; sourceTree = "<group>"; };
		B5789D0B26CD7BE500B94C48 /* Base */ = {isa = PBXFileReference; lastKnownFileType = file.storyboard; name = Base; path = Base.lproj/Main.storyboard; sourceTree = "<group>"; };
		B5789D0D26CD7BE600B94C48 /* Assets.xcassets */ = {isa = PBXFileReference; lastKnownFileType = folder.assetcatalog; path = Assets.xcassets; sourceTree = "<group>"; };
		B5789D1026CD7BE600B94C48 /* Base */ = {isa = PBXFileReference; lastKnownFileType = file.storyboard; name = Base; path = Base.lproj/LaunchScreen.storyboard; sourceTree = "<group>"; };
		B5789D1226CD7BE600B94C48 /* Info.plist */ = {isa = PBXFileReference; lastKnownFileType = text.plist.xml; path = Info.plist; sourceTree = "<group>"; };
		B5789D1926CDA01C00B94C48 /* Stage3.storyboard */ = {isa = PBXFileReference; lastKnownFileType = file.storyboard; path = Stage3.storyboard; sourceTree = "<group>"; };
		B5789D1B26CDA1CA00B94C48 /* Stage3ViewController.swift */ = {isa = PBXFileReference; lastKnownFileType = sourcecode.swift; path = Stage3ViewController.swift; sourceTree = "<group>"; };
		B5B0597F26CEB9E60098C976 /* JudgementHall.storyboard */ = {isa = PBXFileReference; lastKnownFileType = file.storyboard; path = JudgementHall.storyboard; sourceTree = "<group>"; };
		B5B0598126CEBA000098C976 /* JudgementHallViewController.swift */ = {isa = PBXFileReference; lastKnownFileType = sourcecode.swift; path = JudgementHallViewController.swift; sourceTree = "<group>"; };
		B5B0598326CEBE1C0098C976 /* superSecretEnding.mp4 */ = {isa = PBXFileReference; lastKnownFileType = file; path = superSecretEnding.mp4; sourceTree = "<group>"; };
/* End PBXFileReference section */

/* Begin PBXFrameworksBuildPhase section */
		B5789CFE26CD7BE500B94C48 /* Frameworks */ = {
			isa = PBXFrameworksBuildPhase;
			buildActionMask = 2147483647;
			files = (
			);
			runOnlyForDeploymentPostprocessing = 0;
		};
/* End PBXFrameworksBuildPhase section */

/* Begin PBXGroup section */
		493B664926CE0F6700E05D46 /* Helpers + Extensions */ = {
			isa = PBXGroup;
			children = (
				49DDBEB626CDA4960085E3D3 /* Extensions.swift */,
				493B664A26CE0F7D00E05D46 /* NetworkError.swift */,
				495DD4F326CEB2B10099296B /* EventConstants.swift */,
			);
			path = "Helpers + Extensions";
			sourceTree = "<group>";
		};
		49DDBE9E26CD7DC90085E3D3 /* Views */ = {
			isa = PBXGroup;
			children = (
				49DDBE9F26CD7DD80085E3D3 /* Storyboard */,
			);
			path = Views;
			sourceTree = "<group>";
		};
		49DDBE9F26CD7DD80085E3D3 /* Storyboard */ = {
			isa = PBXGroup;
			children = (
				B5789D0F26CD7BE600B94C48 /* LaunchScreen.storyboard */,
				B5789D0A26CD7BE500B94C48 /* Main.storyboard */,
				49DDBEB026CD9F1C0085E3D3 /* Stage2.storyboard */,
				B5789D1926CDA01C00B94C48 /* Stage3.storyboard */,
				49DDBEBC26CDBDBD0085E3D3 /* Stage4.storyboard */,
				B5B0597F26CEB9E60098C976 /* JudgementHall.storyboard */,
			);
			path = Storyboard;
			sourceTree = "<group>";
		};
		49DDBEA026CD7DE00085E3D3 /* Controllers */ = {
			isa = PBXGroup;
			children = (
				49DDBEA126CD7DE50085E3D3 /* ModelControllers */,
				49DDBEA226CD7DE80085E3D3 /* ViewControllers */,
			);
			path = Controllers;
			sourceTree = "<group>";
		};
		49DDBEA126CD7DE50085E3D3 /* ModelControllers */ = {
			isa = PBXGroup;
			children = (
				49DDBEAD26CD88270085E3D3 /* StageController.swift */,
				493B664E26CE100800E05D46 /* DeckofCardsController.swift */,
			);
			path = ModelControllers;
			sourceTree = "<group>";
		};
		49DDBEA226CD7DE80085E3D3 /* ViewControllers */ = {
			isa = PBXGroup;
			children = (
				B5789D0826CD7BE500B94C48 /* ViewController.swift */,
				49DDBEB426CDA1450085E3D3 /* Stage2ViewController.swift */,
				B5789D1B26CDA1CA00B94C48 /* Stage3ViewController.swift */,
				49DDBEBA26CDBD990085E3D3 /* Stage4ViewController.swift */,
				B5B0598126CEBA000098C976 /* JudgementHallViewController.swift */,
			);
			path = ViewControllers;
			sourceTree = "<group>";
		};
		49DDBEA326CD7DF20085E3D3 /* Models */ = {
			isa = PBXGroup;
			children = (
				49DDBEAB26CD87590085E3D3 /* Stage.swift */,
				493B664C26CE0FA600E05D46 /* DeckOfCardsAPI.swift */,
			);
			path = Models;
			sourceTree = "<group>";
		};
		B5789CF826CD7BE500B94C48 = {
			isa = PBXGroup;
			children = (
				B5B0598326CEBE1C0098C976 /* superSecretEnding.mp4 */,
				B5789D0326CD7BE500B94C48 /* The Button */,
				B5789D0226CD7BE500B94C48 /* Products */,
			);
			sourceTree = "<group>";
		};
		B5789D0226CD7BE500B94C48 /* Products */ = {
			isa = PBXGroup;
			children = (
				B5789D0126CD7BE500B94C48 /* The Button.app */,
			);
			name = Products;
			sourceTree = "<group>";
		};
		B5789D0326CD7BE500B94C48 /* The Button */ = {
			isa = PBXGroup;
			children = (
				493B664926CE0F6700E05D46 /* Helpers + Extensions */,
				49DDBEA326CD7DF20085E3D3 /* Models */,
				49DDBEA026CD7DE00085E3D3 /* Controllers */,
				49DDBE9E26CD7DC90085E3D3 /* Views */,
				B5789D1826CD7BF400B94C48 /* Resources */,
			);
			path = "The Button";
			sourceTree = "<group>";
		};
		B5789D1826CD7BF400B94C48 /* Resources */ = {
			isa = PBXGroup;
			children = (
				B5789D0426CD7BE500B94C48 /* AppDelegate.swift */,
				B5789D0626CD7BE500B94C48 /* SceneDelegate.swift */,
				B5789D0D26CD7BE600B94C48 /* Assets.xcassets */,
				B5789D1226CD7BE600B94C48 /* Info.plist */,
			);
			path = Resources;
			sourceTree = "<group>";
		};
/* End PBXGroup section */

/* Begin PBXNativeTarget section */
		B5789D0026CD7BE500B94C48 /* The Button */ = {
			isa = PBXNativeTarget;
			buildConfigurationList = B5789D1526CD7BE600B94C48 /* Build configuration list for PBXNativeTarget "The Button" */;
			buildPhases = (
				B5789CFD26CD7BE500B94C48 /* Sources */,
				B5789CFE26CD7BE500B94C48 /* Frameworks */,
				B5789CFF26CD7BE500B94C48 /* Resources */,
			);
			buildRules = (
			);
			dependencies = (
			);
			name = "The Button";
			productName = "The Button";
			productReference = B5789D0126CD7BE500B94C48 /* The Button.app */;
			productType = "com.apple.product-type.application";
		};
/* End PBXNativeTarget section */

/* Begin PBXProject section */
		B5789CF926CD7BE500B94C48 /* Project object */ = {
			isa = PBXProject;
			attributes = {
				LastSwiftUpdateCheck = 1250;
				LastUpgradeCheck = 1250;
				TargetAttributes = {
					B5789D0026CD7BE500B94C48 = {
						CreatedOnToolsVersion = 12.5.1;
					};
				};
			};
			buildConfigurationList = B5789CFC26CD7BE500B94C48 /* Build configuration list for PBXProject "The Button" */;
			compatibilityVersion = "Xcode 9.3";
			developmentRegion = en;
			hasScannedForEncodings = 0;
			knownRegions = (
				en,
				Base,
			);
			mainGroup = B5789CF826CD7BE500B94C48;
			productRefGroup = B5789D0226CD7BE500B94C48 /* Products */;
			projectDirPath = "";
			projectRoot = "";
			targets = (
				B5789D0026CD7BE500B94C48 /* The Button */,
			);
		};
/* End PBXProject section */

/* Begin PBXResourcesBuildPhase section */
		B5789CFF26CD7BE500B94C48 /* Resources */ = {
			isa = PBXResourcesBuildPhase;
			buildActionMask = 2147483647;
			files = (
				49DDBEBD26CDBDBD0085E3D3 /* Stage4.storyboard in Resources */,
				B5789D1126CD7BE600B94C48 /* LaunchScreen.storyboard in Resources */,
				B5789D0E26CD7BE600B94C48 /* Assets.xcassets in Resources */,
				49DDBEB126CD9F1C0085E3D3 /* Stage2.storyboard in Resources */,
				B5B0598026CEB9E60098C976 /* JudgementHall.storyboard in Resources */,
				B5789D0C26CD7BE500B94C48 /* Main.storyboard in Resources */,
				B5B0598426CEBE1C0098C976 /* superSecretEnding.mp4 in Resources */,
				B5789D1A26CDA01C00B94C48 /* Stage3.storyboard in Resources */,
			);
			runOnlyForDeploymentPostprocessing = 0;
		};
/* End PBXResourcesBuildPhase section */

/* Begin PBXSourcesBuildPhase section */
		B5789CFD26CD7BE500B94C48 /* Sources */ = {
			isa = PBXSourcesBuildPhase;
			buildActionMask = 2147483647;
			files = (
				B5789D0926CD7BE500B94C48 /* ViewController.swift in Sources */,
				B5789D0526CD7BE500B94C48 /* AppDelegate.swift in Sources */,
				49DDBEB526CDA1450085E3D3 /* Stage2ViewController.swift in Sources */,
				B5789D0726CD7BE500B94C48 /* SceneDelegate.swift in Sources */,
				B5789D1C26CDA1CA00B94C48 /* Stage3ViewController.swift in Sources */,
				495DD4F426CEB2B10099296B /* EventConstants.swift in Sources */,
				49DDBEBB26CDBD990085E3D3 /* Stage4ViewController.swift in Sources */,
				49DDBEAC26CD87590085E3D3 /* Stage.swift in Sources */,
				49DDBEAE26CD88270085E3D3 /* StageController.swift in Sources */,
				493B664D26CE0FA600E05D46 /* DeckOfCardsAPI.swift in Sources */,
				49DDBEB726CDA4960085E3D3 /* Extensions.swift in Sources */,
				493B664B26CE0F7D00E05D46 /* NetworkError.swift in Sources */,
				B5B0598226CEBA000098C976 /* JudgementHallViewController.swift in Sources */,
				493B664F26CE100800E05D46 /* DeckofCardsController.swift in Sources */,
			);
			runOnlyForDeploymentPostprocessing = 0;
		};
/* End PBXSourcesBuildPhase section */

/* Begin PBXVariantGroup section */
		B5789D0A26CD7BE500B94C48 /* Main.storyboard */ = {
			isa = PBXVariantGroup;
			children = (
				B5789D0B26CD7BE500B94C48 /* Base */,
			);
			name = Main.storyboard;
			sourceTree = "<group>";
		};
		B5789D0F26CD7BE600B94C48 /* LaunchScreen.storyboard */ = {
			isa = PBXVariantGroup;
			children = (
				B5789D1026CD7BE600B94C48 /* Base */,
			);
			name = LaunchScreen.storyboard;
			sourceTree = "<group>";
		};
/* End PBXVariantGroup section */

/* Begin XCBuildConfiguration section */
		B5789D1326CD7BE600B94C48 /* Debug */ = {
			isa = XCBuildConfiguration;
			buildSettings = {
				ALWAYS_SEARCH_USER_PATHS = NO;
				CLANG_ANALYZER_NONNULL = YES;
				CLANG_ANALYZER_NUMBER_OBJECT_CONVERSION = YES_AGGRESSIVE;
				CLANG_CXX_LANGUAGE_STANDARD = "gnu++14";
				CLANG_CXX_LIBRARY = "libc++";
				CLANG_ENABLE_MODULES = YES;
				CLANG_ENABLE_OBJC_ARC = YES;
				CLANG_ENABLE_OBJC_WEAK = YES;
				CLANG_WARN_BLOCK_CAPTURE_AUTORELEASING = YES;
				CLANG_WARN_BOOL_CONVERSION = YES;
				CLANG_WARN_COMMA = YES;
				CLANG_WARN_CONSTANT_CONVERSION = YES;
				CLANG_WARN_DEPRECATED_OBJC_IMPLEMENTATIONS = YES;
				CLANG_WARN_DIRECT_OBJC_ISA_USAGE = YES_ERROR;
				CLANG_WARN_DOCUMENTATION_COMMENTS = YES;
				CLANG_WARN_EMPTY_BODY = YES;
				CLANG_WARN_ENUM_CONVERSION = YES;
				CLANG_WARN_INFINITE_RECURSION = YES;
				CLANG_WARN_INT_CONVERSION = YES;
				CLANG_WARN_NON_LITERAL_NULL_CONVERSION = YES;
				CLANG_WARN_OBJC_IMPLICIT_RETAIN_SELF = YES;
				CLANG_WARN_OBJC_LITERAL_CONVERSION = YES;
				CLANG_WARN_OBJC_ROOT_CLASS = YES_ERROR;
				CLANG_WARN_QUOTED_INCLUDE_IN_FRAMEWORK_HEADER = YES;
				CLANG_WARN_RANGE_LOOP_ANALYSIS = YES;
				CLANG_WARN_STRICT_PROTOTYPES = YES;
				CLANG_WARN_SUSPICIOUS_MOVE = YES;
				CLANG_WARN_UNGUARDED_AVAILABILITY = YES_AGGRESSIVE;
				CLANG_WARN_UNREACHABLE_CODE = YES;
				CLANG_WARN__DUPLICATE_METHOD_MATCH = YES;
				COPY_PHASE_STRIP = NO;
				DEBUG_INFORMATION_FORMAT = dwarf;
				ENABLE_STRICT_OBJC_MSGSEND = YES;
				ENABLE_TESTABILITY = YES;
				GCC_C_LANGUAGE_STANDARD = gnu11;
				GCC_DYNAMIC_NO_PIC = NO;
				GCC_NO_COMMON_BLOCKS = YES;
				GCC_OPTIMIZATION_LEVEL = 0;
				GCC_PREPROCESSOR_DEFINITIONS = (
					"DEBUG=1",
					"$(inherited)",
				);
				GCC_WARN_64_TO_32_BIT_CONVERSION = YES;
				GCC_WARN_ABOUT_RETURN_TYPE = YES_ERROR;
				GCC_WARN_UNDECLARED_SELECTOR = YES;
				GCC_WARN_UNINITIALIZED_AUTOS = YES_AGGRESSIVE;
				GCC_WARN_UNUSED_FUNCTION = YES;
				GCC_WARN_UNUSED_VARIABLE = YES;
				IPHONEOS_DEPLOYMENT_TARGET = 14.5;
				MTL_ENABLE_DEBUG_INFO = INCLUDE_SOURCE;
				MTL_FAST_MATH = YES;
				ONLY_ACTIVE_ARCH = YES;
				SDKROOT = iphoneos;
				SWIFT_ACTIVE_COMPILATION_CONDITIONS = DEBUG;
				SWIFT_OPTIMIZATION_LEVEL = "-Onone";
			};
			name = Debug;
		};
		B5789D1426CD7BE600B94C48 /* Release */ = {
			isa = XCBuildConfiguration;
			buildSettings = {
				ALWAYS_SEARCH_USER_PATHS = NO;
				CLANG_ANALYZER_NONNULL = YES;
				CLANG_ANALYZER_NUMBER_OBJECT_CONVERSION = YES_AGGRESSIVE;
				CLANG_CXX_LANGUAGE_STANDARD = "gnu++14";
				CLANG_CXX_LIBRARY = "libc++";
				CLANG_ENABLE_MODULES = YES;
				CLANG_ENABLE_OBJC_ARC = YES;
				CLANG_ENABLE_OBJC_WEAK = YES;
				CLANG_WARN_BLOCK_CAPTURE_AUTORELEASING = YES;
				CLANG_WARN_BOOL_CONVERSION = YES;
				CLANG_WARN_COMMA = YES;
				CLANG_WARN_CONSTANT_CONVERSION = YES;
				CLANG_WARN_DEPRECATED_OBJC_IMPLEMENTATIONS = YES;
				CLANG_WARN_DIRECT_OBJC_ISA_USAGE = YES_ERROR;
				CLANG_WARN_DOCUMENTATION_COMMENTS = YES;
				CLANG_WARN_EMPTY_BODY = YES;
				CLANG_WARN_ENUM_CONVERSION = YES;
				CLANG_WARN_INFINITE_RECURSION = YES;
				CLANG_WARN_INT_CONVERSION = YES;
				CLANG_WARN_NON_LITERAL_NULL_CONVERSION = YES;
				CLANG_WARN_OBJC_IMPLICIT_RETAIN_SELF = YES;
				CLANG_WARN_OBJC_LITERAL_CONVERSION = YES;
				CLANG_WARN_OBJC_ROOT_CLASS = YES_ERROR;
				CLANG_WARN_QUOTED_INCLUDE_IN_FRAMEWORK_HEADER = YES;
				CLANG_WARN_RANGE_LOOP_ANALYSIS = YES;
				CLANG_WARN_STRICT_PROTOTYPES = YES;
				CLANG_WARN_SUSPICIOUS_MOVE = YES;
				CLANG_WARN_UNGUARDED_AVAILABILITY = YES_AGGRESSIVE;
				CLANG_WARN_UNREACHABLE_CODE = YES;
				CLANG_WARN__DUPLICATE_METHOD_MATCH = YES;
				COPY_PHASE_STRIP = NO;
				DEBUG_INFORMATION_FORMAT = "dwarf-with-dsym";
				ENABLE_NS_ASSERTIONS = NO;
				ENABLE_STRICT_OBJC_MSGSEND = YES;
				GCC_C_LANGUAGE_STANDARD = gnu11;
				GCC_NO_COMMON_BLOCKS = YES;
				GCC_WARN_64_TO_32_BIT_CONVERSION = YES;
				GCC_WARN_ABOUT_RETURN_TYPE = YES_ERROR;
				GCC_WARN_UNDECLARED_SELECTOR = YES;
				GCC_WARN_UNINITIALIZED_AUTOS = YES_AGGRESSIVE;
				GCC_WARN_UNUSED_FUNCTION = YES;
				GCC_WARN_UNUSED_VARIABLE = YES;
				IPHONEOS_DEPLOYMENT_TARGET = 14.5;
				MTL_ENABLE_DEBUG_INFO = NO;
				MTL_FAST_MATH = YES;
				SDKROOT = iphoneos;
				SWIFT_COMPILATION_MODE = wholemodule;
				SWIFT_OPTIMIZATION_LEVEL = "-O";
				VALIDATE_PRODUCT = YES;
			};
			name = Release;
		};
		B5789D1626CD7BE600B94C48 /* Debug */ = {
			isa = XCBuildConfiguration;
			buildSettings = {
				ASSETCATALOG_COMPILER_APPICON_NAME = AppIcon;
				ASSETCATALOG_COMPILER_GLOBAL_ACCENT_COLOR_NAME = AccentColor;
				CODE_SIGN_STYLE = Automatic;
				DEVELOPMENT_TEAM = A5WKQ59823;
				INFOPLIST_FILE = "The Button/Resources/Info.plist";
				LD_RUNPATH_SEARCH_PATHS = (
					"$(inherited)",
					"@executable_path/Frameworks",
				);
				PRODUCT_BUNDLE_IDENTIFIER = "com.BenEreksonIsReallyBored.The-Button";
				PRODUCT_NAME = "$(TARGET_NAME)";
				SWIFT_VERSION = 5.0;
				TARGETED_DEVICE_FAMILY = "1,2";
			};
			name = Debug;
		};
		B5789D1726CD7BE600B94C48 /* Release */ = {
			isa = XCBuildConfiguration;
			buildSettings = {
				ASSETCATALOG_COMPILER_APPICON_NAME = AppIcon;
				ASSETCATALOG_COMPILER_GLOBAL_ACCENT_COLOR_NAME = AccentColor;
				CODE_SIGN_STYLE = Automatic;
				DEVELOPMENT_TEAM = A5WKQ59823;
				INFOPLIST_FILE = "The Button/Resources/Info.plist";
				LD_RUNPATH_SEARCH_PATHS = (
					"$(inherited)",
					"@executable_path/Frameworks",
				);
				PRODUCT_BUNDLE_IDENTIFIER = "com.BenEreksonIsReallyBored.The-Button";
				PRODUCT_NAME = "$(TARGET_NAME)";
				SWIFT_VERSION = 5.0;
				TARGETED_DEVICE_FAMILY = "1,2";
			};
			name = Release;
		};
/* End XCBuildConfiguration section */

/* Begin XCConfigurationList section */
		B5789CFC26CD7BE500B94C48 /* Build configuration list for PBXProject "The Button" */ = {
			isa = XCConfigurationList;
			buildConfigurations = (
				B5789D1326CD7BE600B94C48 /* Debug */,
				B5789D1426CD7BE600B94C48 /* Release */,
			);
			defaultConfigurationIsVisible = 0;
			defaultConfigurationName = Release;
		};
		B5789D1526CD7BE600B94C48 /* Build configuration list for PBXNativeTarget "The Button" */ = {
			isa = XCConfigurationList;
			buildConfigurations = (
				B5789D1626CD7BE600B94C48 /* Debug */,
				B5789D1726CD7BE600B94C48 /* Release */,
			);
			defaultConfigurationIsVisible = 0;
			defaultConfigurationName = Release;
		};
/* End XCConfigurationList section */
	};
	rootObject = B5789CF926CD7BE500B94C48 /* Project object */;
}
